{
  "name": "kozmocvproject",
  "lockfileVersion": 2,
  "requires": true,
  "packages": {
    "": {
      "dependencies": {
        "i": "^0.3.7",
        "mongod": "^2.0.0"
      }
    },
    "node_modules/i": {
      "version": "0.3.7",
      "resolved": "https://registry.npmjs.org/i/-/i-0.3.7.tgz",
      "integrity": "sha512-FYz4wlXgkQwIPqhzC5TdNMLSE5+GS1IIDJZY/1ZiEPCT2S3COUVZeT5OW4BmW4r5LHLQuOosSwsvnroG9GR59Q==",
      "engines": {
        "node": ">=0.4"
      }
    },
    "node_modules/mongod": {
      "version": "2.0.0",
      "resolved": "https://registry.npmjs.org/mongod/-/mongod-2.0.0.tgz",
      "integrity": "sha512-J1it0yFsLH+y4EIBByEDPKUu+2AQlEMoRc4ugtKRlppQM6dh4oFEIJlpuCE1Cixt33Ni1gZQ+eaizWTqBc5MTA==",
      "dependencies": {
        "promise-queue": "^2.2.3"
      }
    },
    "node_modules/promise-queue": {
      "version": "2.2.5",
      "resolved": "https://registry.npmjs.org/promise-queue/-/promise-queue-2.2.5.tgz",
      "integrity": "sha512-p/iXrPSVfnqPft24ZdNNLECw/UrtLTpT3jpAAMzl/o5/rDsGCPo3/CQS2611flL6LkoEJ3oQZw7C8Q80ZISXRQ==",
      "engines": {
        "node": ">= 0.8.0"
      }
    }
  },
  "dependencies": {
    "i": {
      "version": "0.3.7",
      "resolved": "https://registry.npmjs.org/i/-/i-0.3.7.tgz",
      "integrity": "sha512-FYz4wlXgkQwIPqhzC5TdNMLSE5+GS1IIDJZY/1ZiEPCT2S3COUVZeT5OW4BmW4r5LHLQuOosSwsvnroG9GR59Q=="
    },
    "mongod": {
      "version": "2.0.0",
      "resolved": "https://registry.npmjs.org/mongod/-/mongod-2.0.0.tgz",
      "integrity": "sha512-J1it0yFsLH+y4EIBByEDPKUu+2AQlEMoRc4ugtKRlppQM6dh4oFEIJlpuCE1Cixt33Ni1gZQ+eaizWTqBc5MTA==",
      "requires": {
        "promise-queue": "^2.2.3"
      }
    },
    "promise-queue": {
      "version": "2.2.5",
      "resolved": "https://registry.npmjs.org/promise-queue/-/promise-queue-2.2.5.tgz",
      "integrity": "sha512-p/iXrPSVfnqPft24ZdNNLECw/UrtLTpT3jpAAMzl/o5/rDsGCPo3/CQS2611flL6LkoEJ3oQZw7C8Q80ZISXRQ=="
    }
  }
}
